dependencies:
- name: postgresql
  repository: https://kubernetes-charts.storage.googleapis.com/
  version: 7.7.3
- name: redis
  repository: https://kubernetes-charts.storage.googleapis.com/
  version: 10.2.1
- name: rabbitmq
  repository: https://kubernetes-charts.storage.googleapis.com/
  version: 6.14.2
digest: sha256:70061793e46786dec456aa1588bbeeaa5dc66169ec279f096807bceba44f2ede
generated: "2019-12-12T18:10:43.399539+01:00"
