dependencies:
- name: postgresql
  repository: https://charts.bitnami.com/bitnami
  version: 8.6.13
- name: redis
  repository: https://charts.bitnami.com/bitnami
  version: 10.5.14
- name: rabbitmq
  repository: https://charts.bitnami.com/bitnami
  version: 6.19.2
- name: kafka
  repository: https://charts.bitnami.com/bitnami
  version: 14.0.1
digest: sha256:144d684d45427bbacdef14939252c962f958cf2ee721c33a26856028129b877b
generated: "2021-08-17T01:41:30.465063577-03:00"
