dependencies:
- name: postgresql
  repository: oci://europe-west3-docker.pkg.dev/rasa-releases/rasa-x-helm
  version: 10.15.1
- name: redis
  repository: oci://europe-west3-docker.pkg.dev/rasa-releases/rasa-x-helm
  version: 15.7.2
- name: rabbitmq
  repository: oci://europe-west3-docker.pkg.dev/rasa-releases/rasa-x-helm
  version: 8.26.0
digest: sha256:fb3cb00f944a6a9be69106930a9bbe82f42d64ea4360ea08aa95655ac3235ea7
generated: "2023-02-15T11:35:45.589237Z"
