dependencies:
- name: postgresql
  repository: https://charts.bitnami.com/bitnami
  version: 8.6.4
- name: redis
  repository: https://charts.bitnami.com/bitnami
  version: 10.5.12
- name: rabbitmq
  repository: https://charts.bitnami.com/bitnami
  version: 6.18.9
digest: sha256:29407b1674ec137a7123b46bb549039321efb842e07bf6025ac3a2324e089477
generated: "2020-03-19T08:55:27.193432+01:00"
