dependencies:
- name: postgresql
  repository: https://kubernetes-charts.storage.googleapis.com/
  version: 7.7.3
- name: redis
  repository: https://kubernetes-charts.storage.googleapis.com/
  version: 10.2.1
- name: rabbitmq
  repository: https://kubernetes-charts.storage.googleapis.com/
  version: 6.14.2
digest: sha256:f292e98168c4fed4dea8118909a6f985c1d05a509b67b359e8b6c6af10399f56
generated: "2020-03-18T15:29:19.37333653-04:00"
